// !$*UTF8*$!
{
	archiveVersion = 1;
	classes = {
	};
	objectVersion = 46;
	objects = {

/* Begin PBXBuildFile section */
		930963691E52329800197C39 /* AppDelegate.swift in Sources */ = {isa = PBXBuildFile; fileRef = 930963681E52329800197C39 /* AppDelegate.swift */; };
		9309636B1E52329800197C39 /* RecordSoundsViewController.swift in Sources */ = {isa = PBXBuildFile; fileRef = 9309636A1E52329800197C39 /* RecordSoundsViewController.swift */; };
		9309636E1E52329800197C39 /* Main.storyboard in Resources */ = {isa = PBXBuildFile; fileRef = 9309636C1E52329800197C39 /* Main.storyboard */; };
		930963701E52329800197C39 /* Assets.xcassets in Resources */ = {isa = PBXBuildFile; fileRef = 9309636F1E52329800197C39 /* Assets.xcassets */; };
		930963731E52329800197C39 /* LaunchScreen.storyboard in Resources */ = {isa = PBXBuildFile; fileRef = 930963711E52329800197C39 /* LaunchScreen.storyboard */; };
		9309637E1E52329800197C39 /* PitchPerfectTests.swift in Sources */ = {isa = PBXBuildFile; fileRef = 9309637D1E52329800197C39 /* PitchPerfectTests.swift */; };
		930963891E52329800197C39 /* PitchPerfectUITests.swift in Sources */ = {isa = PBXBuildFile; fileRef = 930963881E52329800197C39 /* PitchPerfectUITests.swift */; };
		93FC1C231E5A1B3100F9DFE6 /* PlaySoundsViewController.swift in Sources */ = {isa = PBXBuildFile; fileRef = 93FC1C221E5A1B3100F9DFE6 /* PlaySoundsViewController.swift */; };
		93FC1C251E5A2C5400F9DFE6 /* PlaySoundsExtension.swift in Sources */ = {isa = PBXBuildFile; fileRef = 93FC1C241E5A2C5400F9DFE6 /* PlaySoundsExtension.swift */; };
/* End PBXBuildFile section */

/* Begin PBXContainerItemProxy section */
		9309637A1E52329800197C39 /* PBXContainerItemProxy */ = {
			isa = PBXContainerItemProxy;
			containerPortal = 9309635D1E52329800197C39 /* Project object */;
			proxyType = 1;
			remoteGlobalIDString = 930963641E52329800197C39;
			remoteInfo = PitchPerfect;
		};
		930963851E52329800197C39 /* PBXContainerItemProxy */ = {
			isa = PBXContainerItemProxy;
			containerPortal = 9309635D1E52329800197C39 /* Project object */;
			proxyType = 1;
			remoteGlobalIDString = 930963641E52329800197C39;
			remoteInfo = PitchPerfect;
		};
/* End PBXContainerItemProxy section */

/* Begin PBXFileReference section */
		930963651E52329800197C39 /* PitchPerfect.app */ = {isa = PBXFileReference; explicitFileType = wrapper.application; includeInIndex = 0; path = PitchPerfect.app; sourceTree = BUILT_PRODUCTS_DIR; };
		930963681E52329800197C39 /* AppDelegate.swift */ = {isa = PBXFileReference; lastKnownFileType = sourcecode.swift; path = AppDelegate.swift; sourceTree = "<group>"; };
		9309636A1E52329800197C39 /* RecordSoundsViewController.swift */ = {isa = PBXFileReference; lastKnownFileType = sourcecode.swift; path = RecordSoundsViewController.swift; sourceTree = "<group>"; };
		9309636D1E52329800197C39 /* Base */ = {isa = PBXFileReference; lastKnownFileType = file.storyboard; name = Base; path = Base.lproj/Main.storyboard; sourceTree = "<group>"; };
		9309636F1E52329800197C39 /* Assets.xcassets */ = {isa = PBXFileReference; lastKnownFileType = folder.assetcatalog; path = Assets.xcassets; sourceTree = "<group>"; };
		930963721E52329800197C39 /* Base */ = {isa = PBXFileReference; lastKnownFileType = file.storyboard; name = Base; path = Base.lproj/LaunchScreen.storyboard; sourceTree = "<group>"; };
		930963741E52329800197C39 /* Info.plist */ = {isa = PBXFileReference; lastKnownFileType = text.plist.xml; path = Info.plist; sourceTree = "<group>"; };
		930963791E52329800197C39 /* PitchPerfectTests.xctest */ = {isa = PBXFileReference; explicitFileType = wrapper.cfbundle; includeInIndex = 0; path = PitchPerfectTests.xctest; sourceTree = BUILT_PRODUCTS_DIR; };
		9309637D1E52329800197C39 /* PitchPerfectTests.swift */ = {isa = PBXFileReference; lastKnownFileType = sourcecode.swift; path = PitchPerfectTests.swift; sourceTree = "<group>"; };
		9309637F1E52329800197C39 /* Info.plist */ = {isa = PBXFileReference; lastKnownFileType = text.plist.xml; path = Info.plist; sourceTree = "<group>"; };
		930963841E52329800197C39 /* PitchPerfectUITests.xctest */ = {isa = PBXFileReference; explicitFileType = wrapper.cfbundle; includeInIndex = 0; path = PitchPerfectUITests.xctest; sourceTree = BUILT_PRODUCTS_DIR; };
		930963881E52329800197C39 /* PitchPerfectUITests.swift */ = {isa = PBXFileReference; lastKnownFileType = sourcecode.swift; path = PitchPerfectUITests.swift; sourceTree = "<group>"; };
		9309638A1E52329800197C39 /* Info.plist */ = {isa = PBXFileReference; lastKnownFileType = text.plist.xml; path = Info.plist; sourceTree = "<group>"; };
		93FC1C221E5A1B3100F9DFE6 /* PlaySoundsViewController.swift */ = {isa = PBXFileReference; fileEncoding = 4; lastKnownFileType = sourcecode.swift; path = PlaySoundsViewController.swift; sourceTree = "<group>"; };
		93FC1C241E5A2C5400F9DFE6 /* PlaySoundsExtension.swift */ = {isa = PBXFileReference; fileEncoding = 4; lastKnownFileType = sourcecode.swift; path = PlaySoundsExtension.swift; sourceTree = "<group>"; };
/* End PBXFileReference section */

/* Begin PBXFrameworksBuildPhase section */
		930963621E52329800197C39 /* Frameworks */ = {
			isa = PBXFrameworksBuildPhase;
			buildActionMask = 2147483647;
			files = (
			);
			runOnlyForDeploymentPostprocessing = 0;
		};
		930963761E52329800197C39 /* Frameworks */ = {
			isa = PBXFrameworksBuildPhase;
			buildActionMask = 2147483647;
			files = (
			);
			runOnlyForDeploymentPostprocessing = 0;
		};
		930963811E52329800197C39 /* Frameworks */ = {
			isa = PBXFrameworksBuildPhase;
			buildActionMask = 2147483647;
			files = (
			);
			runOnlyForDeploymentPostprocessing = 0;
		};
/* End PBXFrameworksBuildPhase section */

/* Begin PBXGroup section */
		9309635C1E52329800197C39 = {
			isa = PBXGroup;
			children = (
				930963671E52329800197C39 /* PitchPerfect */,
				9309637C1E52329800197C39 /* PitchPerfectTests */,
				930963871E52329800197C39 /* PitchPerfectUITests */,
				930963661E52329800197C39 /* Products */,
			);
			sourceTree = "<group>";
		};
		930963661E52329800197C39 /* Products */ = {
			isa = PBXGroup;
			children = (
				930963651E52329800197C39 /* PitchPerfect.app */,
				930963791E52329800197C39 /* PitchPerfectTests.xctest */,
				930963841E52329800197C39 /* PitchPerfectUITests.xctest */,
			);
			name = Products;
			sourceTree = "<group>";
		};
		930963671E52329800197C39 /* PitchPerfect */ = {
			isa = PBXGroup;
			children = (
				930963681E52329800197C39 /* AppDelegate.swift */,
				9309636A1E52329800197C39 /* RecordSoundsViewController.swift */,
				9309636C1E52329800197C39 /* Main.storyboard */,
				9309636F1E52329800197C39 /* Assets.xcassets */,
				930963711E52329800197C39 /* LaunchScreen.storyboard */,
				930963741E52329800197C39 /* Info.plist */,
				93FC1C221E5A1B3100F9DFE6 /* PlaySoundsViewController.swift */,
				93FC1C241E5A2C5400F9DFE6 /* PlaySoundsExtension.swift */,
			);
			path = PitchPerfect;
			sourceTree = "<group>";
		};
		9309637C1E52329800197C39 /* PitchPerfectTests */ = {
			isa = PBXGroup;
			children = (
				9309637D1E52329800197C39 /* PitchPerfectTests.swift */,
				9309637F1E52329800197C39 /* Info.plist */,
			);
			path = PitchPerfectTests;
			sourceTree = "<group>";
		};
		930963871E52329800197C39 /* PitchPerfectUITests */ = {
			isa = PBXGroup;
			children = (
				930963881E52329800197C39 /* PitchPerfectUITests.swift */,
				9309638A1E52329800197C39 /* Info.plist */,
			);
			path = PitchPerfectUITests;
			sourceTree = "<group>";
		};
/* End PBXGroup section */

/* Begin PBXNativeTarget section */
		930963641E52329800197C39 /* PitchPerfect */ = {
			isa = PBXNativeTarget;
			buildConfigurationList = 9309638D1E52329800197C39 /* Build configuration list for PBXNativeTarget "PitchPerfect" */;
			buildPhases = (
				930963611E52329800197C39 /* Sources */,
				930963621E52329800197C39 /* Frameworks */,
				930963631E52329800197C39 /* Resources */,
			);
			buildRules = (
			);
			dependencies = (
			);
			name = PitchPerfect;
			productName = PitchPerfect;
			productReference = 930963651E52329800197C39 /* PitchPerfect.app */;
			productType = "com.apple.product-type.application";
		};
		930963781E52329800197C39 /* PitchPerfectTests */ = {
			isa = PBXNativeTarget;
			buildConfigurationList = 930963901E52329800197C39 /* Build configuration list for PBXNativeTarget "PitchPerfectTests" */;
			buildPhases = (
				930963751E52329800197C39 /* Sources */,
				930963761E52329800197C39 /* Frameworks */,
				930963771E52329800197C39 /* Resources */,
			);
			buildRules = (
			);
			dependencies = (
				9309637B1E52329800197C39 /* PBXTargetDependency */,
			);
			name = PitchPerfectTests;
			productName = PitchPerfectTests;
			productReference = 930963791E52329800197C39 /* PitchPerfectTests.xctest */;
			productType = "com.apple.product-type.bundle.unit-test";
		};
		930963831E52329800197C39 /* PitchPerfectUITests */ = {
			isa = PBXNativeTarget;
			buildConfigurationList = 930963931E52329800197C39 /* Build configuration list for PBXNativeTarget "PitchPerfectUITests" */;
			buildPhases = (
				930963801E52329800197C39 /* Sources */,
				930963811E52329800197C39 /* Frameworks */,
				930963821E52329800197C39 /* Resources */,
			);
			buildRules = (
			);
			dependencies = (
				930963861E52329800197C39 /* PBXTargetDependency */,
			);
			name = PitchPerfectUITests;
			productName = PitchPerfectUITests;
			productReference = 930963841E52329800197C39 /* PitchPerfectUITests.xctest */;
			productType = "com.apple.product-type.bundle.ui-testing";
		};
/* End PBXNativeTarget section */

/* Begin PBXProject section */
		9309635D1E52329800197C39 /* Project object */ = {
			isa = PBXProject;
			attributes = {
				LastSwiftUpdateCheck = 0820;
				LastUpgradeCheck = 0820;
				ORGANIZATIONNAME = "Uchenna F. Okoye";
				TargetAttributes = {
					930963641E52329800197C39 = {
						CreatedOnToolsVersion = 8.2.1;
						ProvisioningStyle = Automatic;
					};
					930963781E52329800197C39 = {
						CreatedOnToolsVersion = 8.2.1;
						ProvisioningStyle = Automatic;
						TestTargetID = 930963641E52329800197C39;
					};
					930963831E52329800197C39 = {
						CreatedOnToolsVersion = 8.2.1;
						ProvisioningStyle = Automatic;
						TestTargetID = 930963641E52329800197C39;
					};
				};
			};
			buildConfigurationList = 930963601E52329800197C39 /* Build configuration list for PBXProject "PitchPerfect" */;
			compatibilityVersion = "Xcode 3.2";
			developmentRegion = English;
			hasScannedForEncodings = 0;
			knownRegions = (
				en,
				Base,
			);
			mainGroup = 9309635C1E52329800197C39;
			productRefGroup = 930963661E52329800197C39 /* Products */;
			projectDirPath = "";
			projectRoot = "";
			targets = (
				930963641E52329800197C39 /* PitchPerfect */,
				930963781E52329800197C39 /* PitchPerfectTests */,
				930963831E52329800197C39 /* PitchPerfectUITests */,
			);
		};
/* End PBXProject section */

/* Begin PBXResourcesBuildPhase section */
		930963631E52329800197C39 /* Resources */ = {
			isa = PBXResourcesBuildPhase;
			buildActionMask = 2147483647;
			files = (
				930963731E52329800197C39 /* LaunchScreen.storyboard in Resources */,
				930963701E52329800197C39 /* Assets.xcassets in Resources */,
				9309636E1E52329800197C39 /* Main.storyboard in Resources */,
			);
			runOnlyForDeploymentPostprocessing = 0;
		};
		930963771E52329800197C39 /* Resources */ = {
			isa = PBXResourcesBuildPhase;
			buildActionMask = 2147483647;
			files = (
			);
			runOnlyForDeploymentPostprocessing = 0;
		};
		930963821E52329800197C39 /* Resources */ = {
			isa = PBXResourcesBuildPhase;
			buildActionMask = 2147483647;
			files = (
			);
			runOnlyForDeploymentPostprocessing = 0;
		};
/* End PBXResourcesBuildPhase section */

/* Begin PBXSourcesBuildPhase section */
		930963611E52329800197C39 /* Sources */ = {
			isa = PBXSourcesBuildPhase;
			buildActionMask = 2147483647;
			files = (
				9309636B1E52329800197C39 /* RecordSoundsViewController.swift in Sources */,
				93FC1C231E5A1B3100F9DFE6 /* PlaySoundsViewController.swift in Sources */,
				930963691E52329800197C39 /* AppDelegate.swift in Sources */,
				93FC1C251E5A2C5400F9DFE6 /* PlaySoundsExtension.swift in Sources */,
			);
			runOnlyForDeploymentPostprocessing = 0;
		};
		930963751E52329800197C39 /* Sources */ = {
			isa = PBXSourcesBuildPhase;
			buildActionMask = 2147483647;
			files = (
				9309637E1E52329800197C39 /* PitchPerfectTests.swift in Sources */,
			);
			runOnlyForDeploymentPostprocessing = 0;
		};
		930963801E52329800197C39 /* Sources */ = {
			isa = PBXSourcesBuildPhase;
			buildActionMask = 2147483647;
			files = (
				930963891E52329800197C39 /* PitchPerfectUITests.swift in Sources */,
			);
			runOnlyForDeploymentPostprocessing = 0;
		};
/* End PBXSourcesBuildPhase section */

/* Begin PBXTargetDependency section */
		9309637B1E52329800197C39 /* PBXTargetDependency */ = {
			isa = PBXTargetDependency;
			target = 930963641E52329800197C39 /* PitchPerfect */;
			targetProxy = 9309637A1E52329800197C39 /* PBXContainerItemProxy */;
		};
		930963861E52329800197C39 /* PBXTargetDependency */ = {
			isa = PBXTargetDependency;
			target = 930963641E52329800197C39 /* PitchPerfect */;
			targetProxy = 930963851E52329800197C39 /* PBXContainerItemProxy */;
		};
/* End PBXTargetDependency section */

/* Begin PBXVariantGroup section */
		9309636C1E52329800197C39 /* Main.storyboard */ = {
			isa = PBXVariantGroup;
			children = (
				9309636D1E52329800197C39 /* Base */,
			);
			name = Main.storyboard;
			sourceTree = "<group>";
		};
		930963711E52329800197C39 /* LaunchScreen.storyboard */ = {
			isa = PBXVariantGroup;
			children = (
				930963721E52329800197C39 /* Base */,
			);
			name = LaunchScreen.storyboard;
			sourceTree = "<group>";
		};
/* End PBXVariantGroup section */

/* Begin XCBuildConfiguration section */
		9309638B1E52329800197C39 /* Debug */ = {
			isa = XCBuildConfiguration;
			buildSettings = {
				ALWAYS_SEARCH_USER_PATHS = NO;
				CLANG_ANALYZER_NONNULL = YES;
				CLANG_CXX_LANGUAGE_STANDARD = "gnu++0x";
				CLANG_CXX_LIBRARY = "libc++";
				CLANG_ENABLE_MODULES = YES;
				CLANG_ENABLE_OBJC_ARC = YES;
				CLANG_WARN_BOOL_CONVERSION = YES;
				CLANG_WARN_CONSTANT_CONVERSION = YES;
				CLANG_WARN_DIRECT_OBJC_ISA_USAGE = YES_ERROR;
				CLANG_WARN_DOCUMENTATION_COMMENTS = YES;
				CLANG_WARN_EMPTY_BODY = YES;
				CLANG_WARN_ENUM_CONVERSION = YES;
				CLANG_WARN_INFINITE_RECURSION = YES;
				CLANG_WARN_INT_CONVERSION = YES;
				CLANG_WARN_OBJC_ROOT_CLASS = YES_ERROR;
				CLANG_WARN_SUSPICIOUS_MOVE = YES;
				CLANG_WARN_UNREACHABLE_CODE = YES;
				CLANG_WARN__DUPLICATE_METHOD_MATCH = YES;
				"CODE_SIGN_IDENTITY[sdk=iphoneos*]" = "iPhone Developer";
				COPY_PHASE_STRIP = NO;
				DEBUG_INFORMATION_FORMAT = dwarf;
				ENABLE_STRICT_OBJC_MSGSEND = YES;
				ENABLE_TESTABILITY = YES;
				GCC_C_LANGUAGE_STANDARD = gnu99;
				GCC_DYNAMIC_NO_PIC = NO;
				GCC_NO_COMMON_BLOCKS = YES;
				GCC_OPTIMIZATION_LEVEL = 0;
				GCC_PREPROCESSOR_DEFINITIONS = (
					"DEBUG=1",
					"$(inherited)",
				);
				GCC_WARN_64_TO_32_BIT_CONVERSION = YES;
				GCC_WARN_ABOUT_RETURN_TYPE = YES_ERROR;
				GCC_WARN_UNDECLARED_SELECTOR = YES;
				GCC_WARN_UNINITIALIZED_AUTOS = YES_AGGRESSIVE;
				GCC_WARN_UNUSED_FUNCTION = YES;
				GCC_WARN_UNUSED_VARIABLE = YES;
				IPHONEOS_DEPLOYMENT_TARGET = 10.2;
				MTL_ENABLE_DEBUG_INFO = YES;
				ONLY_ACTIVE_ARCH = YES;
				SDKROOT = iphoneos;
				SWIFT_ACTIVE_COMPILATION_CONDITIONS = DEBUG;
				SWIFT_OPTIMIZATION_LEVEL = "-Onone";
				TARGETED_DEVICE_FAMILY = "1,2";
			};
			name = Debug;
		};
		9309638C1E52329800197C39 /* Release */ = {
			isa = XCBuildConfiguration;
			buildSettings = {
				ALWAYS_SEARCH_USER_PATHS = NO;
				CLANG_ANALYZER_NONNULL = YES;
				CLANG_CXX_LANGUAGE_STANDARD = "gnu++0x";
				CLANG_CXX_LIBRARY = "libc++";
				CLANG_ENABLE_MODULES = YES;
				CLANG_ENABLE_OBJC_ARC = YES;
				CLANG_WARN_BOOL_CONVERSION = YES;
				CLANG_WARN_CONSTANT_CONVERSION = YES;
				CLANG_WARN_DIRECT_OBJC_ISA_USAGE = YES_ERROR;
				CLANG_WARN_DOCUMENTATION_COMMENTS = YES;
				CLANG_WARN_EMPTY_BODY = YES;
				CLANG_WARN_ENUM_CONVERSION = YES;
				CLANG_WARN_INFINITE_RECURSION = YES;
				CLANG_WARN_INT_CONVERSION = YES;
				CLANG_WARN_OBJC_ROOT_CLASS = YES_ERROR;
				CLANG_WARN_SUSPICIOUS_MOVE = YES;
				CLANG_WARN_UNREACHABLE_CODE = YES;
				CLANG_WARN__DUPLICATE_METHOD_MATCH = YES;
				"CODE_SIGN_IDENTITY[sdk=iphoneos*]" = "iPhone Developer";
				COPY_PHASE_STRIP = NO;
				DEBUG_INFORMATION_FORMAT = "dwarf-with-dsym";
				ENABLE_NS_ASSERTIONS = NO;
				ENABLE_STRICT_OBJC_MSGSEND = YES;
				GCC_C_LANGUAGE_STANDARD = gnu99;
				GCC_NO_COMMON_BLOCKS = YES;
				GCC_WARN_64_TO_32_BIT_CONVERSION = YES;
				GCC_WARN_ABOUT_RETURN_TYPE = YES_ERROR;
				GCC_WARN_UNDECLARED_SELECTOR = YES;
				GCC_WARN_UNINITIALIZED_AUTOS = YES_AGGRESSIVE;
				GCC_WARN_UNUSED_FUNCTION = YES;
				GCC_WARN_UNUSED_VARIABLE = YES;
				IPHONEOS_DEPLOYMENT_TARGET = 10.2;
				MTL_ENABLE_DEBUG_INFO = NO;
				SDKROOT = iphoneos;
				SWIFT_OPTIMIZATION_LEVEL = "-Owholemodule";
				TARGETED_DEVICE_FAMILY = "1,2";
				VALIDATE_PRODUCT = YES;
			};
			name = Release;
		};
		9309638E1E52329800197C39 /* Debug */ = {
			isa = XCBuildConfiguration;
			buildSettings = {
				ASSETCATALOG_COMPILER_APPICON_NAME = AppIcon;
				INFOPLIST_FILE = PitchPerfect/Info.plist;
				LD_RUNPATH_SEARCH_PATHS = "$(inherited) @executable_path/Frameworks";
				PRODUCT_BUNDLE_IDENTIFIER = com.uchennafokoye.PitchPerfect;
				PRODUCT_NAME = "$(TARGET_NAME)";
				SWIFT_VERSION = 3.0;
			};
			name = Debug;
		};
		9309638F1E52329800197C39 /* Release */ = {
			isa = XCBuildConfiguration;
			buildSettings = {
				ASSETCATALOG_COMPILER_APPICON_NAME = AppIcon;
				INFOPLIST_FILE = PitchPerfect/Info.plist;
				LD_RUNPATH_SEARCH_PATHS = "$(inherited) @executable_path/Frameworks";
				PRODUCT_BUNDLE_IDENTIFIER = com.uchennafokoye.PitchPerfect;
				PRODUCT_NAME = "$(TARGET_NAME)";
				SWIFT_VERSION = 3.0;
			};
			name = Release;
		};
		930963911E52329800197C39 /* Debug */ = {
			isa = XCBuildConfiguration;
			buildSettings = {
				ALWAYS_EMBED_SWIFT_STANDARD_LIBRARIES = YES;
				BUNDLE_LOADER = "$(TEST_HOST)";
				INFOPLIST_FILE = PitchPerfectTests/Info.plist;
				LD_RUNPATH_SEARCH_PATHS = "$(inherited) @executable_path/Frameworks @loader_path/Frameworks";
				PRODUCT_BUNDLE_IDENTIFIER = com.uchennafokoye.PitchPerfectTests;
				PRODUCT_NAME = "$(TARGET_NAME)";
				SWIFT_VERSION = 3.0;
				TEST_HOST = "$(BUILT_PRODUCTS_DIR)/PitchPerfect.app/PitchPerfect";
			};
			name = Debug;
		};
		930963921E52329800197C39 /* Release */ = {
			isa = XCBuildConfiguration;
			buildSettings = {
				ALWAYS_EMBED_SWIFT_STANDARD_LIBRARIES = YES;
				BUNDLE_LOADER = "$(TEST_HOST)";
				INFOPLIST_FILE = PitchPerfectTests/Info.plist;
				LD_RUNPATH_SEARCH_PATHS = "$(inherited) @executable_path/Frameworks @loader_path/Frameworks";
				PRODUCT_BUNDLE_IDENTIFIER = com.uchennafokoye.PitchPerfectTests;
				PRODUCT_NAME = "$(TARGET_NAME)";
				SWIFT_VERSION = 3.0;
				TEST_HOST = "$(BUILT_PRODUCTS_DIR)/PitchPerfect.app/PitchPerfect";
			};
			name = Release;
		};
		930963941E52329800197C39 /* Debug */ = {
			isa = XCBuildConfiguration;
			buildSettings = {
				ALWAYS_EMBED_SWIFT_STANDARD_LIBRARIES = YES;
				INFOPLIST_FILE = PitchPerfectUITests/Info.plist;
				LD_RUNPATH_SEARCH_PATHS = "$(inherited) @executable_path/Frameworks @loader_path/Frameworks";
				PRODUCT_BUNDLE_IDENTIFIER = com.uchennafokoye.PitchPerfectUITests;
				PRODUCT_NAME = "$(TARGET_NAME)";
				SWIFT_VERSION = 3.0;
				TEST_TARGET_NAME = PitchPerfect;
			};
			name = Debug;
		};
		930963951E52329800197C39 /* Release */ = {
			isa = XCBuildConfiguration;
			buildSettings = {
				ALWAYS_EMBED_SWIFT_STANDARD_LIBRARIES = YES;
				INFOPLIST_FILE = PitchPerfectUITests/Info.plist;
				LD_RUNPATH_SEARCH_PATHS = "$(inherited) @executable_path/Frameworks @loader_path/Frameworks";
				PRODUCT_BUNDLE_IDENTIFIER = com.uchennafokoye.PitchPerfectUITests;
				PRODUCT_NAME = "$(TARGET_NAME)";
				SWIFT_VERSION = 3.0;
				TEST_TARGET_NAME = PitchPerfect;
			};
			name = Release;
		};
/* End XCBuildConfiguration section */

/* Begin XCConfigurationList section */
		930963601E52329800197C39 /* Build configuration list for PBXProject "PitchPerfect" */ = {
			isa = XCConfigurationList;
			buildConfigurations = (
				9309638B1E52329800197C39 /* Debug */,
				9309638C1E52329800197C39 /* Release */,
			);
			defaultConfigurationIsVisible = 0;
			defaultConfigurationName = Release;
		};
		9309638D1E52329800197C39 /* Build configuration list for PBXNativeTarget "PitchPerfect" */ = {
			isa = XCConfigurationList;
			buildConfigurations = (
				9309638E1E52329800197C39 /* Debug */,
				9309638F1E52329800197C39 /* Release */,
			);
			defaultConfigurationIsVisible = 0;
			defaultConfigurationName = Release;
		};
		930963901E52329800197C39 /* Build configuration list for PBXNativeTarget "PitchPerfectTests" */ = {
			isa = XCConfigurationList;
			buildConfigurations = (
				930963911E52329800197C39 /* Debug */,
				930963921E52329800197C39 /* Release */,
			);
			defaultConfigurationIsVisible = 0;
			defaultConfigurationName = Release;
		};
		930963931E52329800197C39 /* Build configuration list for PBXNativeTarget "PitchPerfectUITests" */ = {
			isa = XCConfigurationList;
			buildConfigurations = (
				930963941E52329800197C39 /* Debug */,
				930963951E52329800197C39 /* Release */,
			);
			defaultConfigurationIsVisible = 0;
			defaultConfigurationName = Release;
		};
/* End XCConfigurationList section */
	};
	rootObject = 9309635D1E52329800197C39 /* Project object */;
}
